{
  "name": "scrambles-generator",
  "version": "1.0.0",
  "lockfileVersion": 1,
  "requires": true,
  "dependencies": {
    "commander": {
      "version": "2.20.3",
      "resolved": "https://registry.npmjs.org/commander/-/commander-2.20.3.tgz",
      "integrity": "sha512-GpVkmM8vF2vQUkj2LvZmD35JxeJOLCwJ9cUkugyk2nuhbv3+mJvpLYYt+0+USMxE+oj+ey/lJEnhZw75x/OMcQ=="
    },
    "cstimer_module": {
      "version": "0.1.4",
      "resolved": "https://registry.npmjs.org/cstimer_module/-/cstimer_module-0.1.4.tgz",
      "integrity": "sha512-mSrcPu0FyrJhfqYGTvzorR5V4gRdaVyX+10AxLk3WEKwEA0M4RXietvXwiibiJQ6ch6b3IyGqtvAN6dUBrxJfw=="
    },
    "scrambo": {
      "version": "0.3.0",
      "resolved": "https://registry.npmjs.org/scrambo/-/scrambo-0.3.0.tgz",
      "integrity": "sha512-Lap6PiQX6k/zg8NSmJwPOD/oFpLsxbTFk6DSI1J0iJQKLFYiKFmlY6oc/kqP0ltzKoTqP5ZV0+DkpBVHwhyiqQ==",
      "requires": {
        "commander": "^2.3.0"
      }
    }
  }
}
